PODS:
  - HHProgressHUD (0.1.0):
    - HHProgressHUD/Core (= 0.1.0)
    - HHProgressHUD/Toast (= 0.1.0)
  - HHProgressHUD/Core (0.1.0):
    - SwiftEntryKit
  - HHProgressHUD/Toast (0.1.0):
    - HHProgressHUD/Core
  - QuickLayout (3.0.0)
  - SwiftEntryKit (1.2.3):
    - QuickLayout (= 3.0.0)

DEPENDENCIES:
  - HHProgressHUD (from `../`)
  - SwiftEntryKit

SPEC REPOS:
  trunk:
    - QuickLayout
    - SwiftEntryKit

EXTERNAL SOURCES:
  HHProgressHUD:
    :path: "../"

SPEC CHECKSUMS:
  HHProgressHUD: 976a524536bc7f068e497308530b716fbde81f0e
  QuickLayout: 07b45a72b10083fee3f095990cfed1c1e7b27f0a
  SwiftEntryKit: 340713c2e4a6662c5149629990bf1088bf5f0389

PODFILE CHECKSUM: 9592e9f8d6067f2080df8893abfa7a60d75f2f03

COCOAPODS: 1.8.3
