// !$*UTF8*$!
{
	archiveVersion = 1;
	classes = {
	};
	objectVersion = 51;
	objects = {

/* Begin PBXBuildFile section */
		714C34C864355BB496BD0652 /* Pods_HHProgressHUDTests.framework in Frameworks */ = {isa = PBXBuildFile; fileRef = CEEF07A9DF15A0E44351877D /* Pods_HHProgressHUDTests.framework */; };
		7AEACFD8B3B893080A053D36 /* Pods_HHProgressHUD_Example.framework in Frameworks */ = {isa = PBXBuildFile; fileRef = FD4B1B2163F212781308E4E9 /* Pods_HHProgressHUD_Example.framework */; };
		8145F8542390B1E40084C363 /* README.md in Resources */ = {isa = PBXBuildFile; fileRef = 8145F8512390B1E40084C363 /* README.md */; };
		8145F8552390B1E40084C363 /* LICENSE in Resources */ = {isa = PBXBuildFile; fileRef = 8145F8522390B1E40084C363 /* LICENSE */; };
		8145F8562390B1E40084C363 /* HHProgressHUD.podspec in Resources */ = {isa = PBXBuildFile; fileRef = 8145F8532390B1E40084C363 /* HHProgressHUD.podspec */; };
		817F10E62390B00900A7E45C /* AppDelegate.swift in Sources */ = {isa = PBXBuildFile; fileRef = 817F10E52390B00900A7E45C /* AppDelegate.swift */; };
		817F10E82390B00900A7E45C /* SceneDelegate.swift in Sources */ = {isa = PBXBuildFile; fileRef = 817F10E72390B00900A7E45C /* SceneDelegate.swift */; };
		817F10EA2390B00900A7E45C /* ViewController.swift in Sources */ = {isa = PBXBuildFile; fileRef = 817F10E92390B00900A7E45C /* ViewController.swift */; };
		817F10ED2390B00900A7E45C /* Main.storyboard in Resources */ = {isa = PBXBuildFile; fileRef = 817F10EB2390B00900A7E45C /* Main.storyboard */; };
		817F10EF2390B00A00A7E45C /* Assets.xcassets in Resources */ = {isa = PBXBuildFile; fileRef = 817F10EE2390B00A00A7E45C /* Assets.xcassets */; };
		817F10F22390B00A00A7E45C /* LaunchScreen.storyboard in Resources */ = {isa = PBXBuildFile; fileRef = 817F10F02390B00A00A7E45C /* LaunchScreen.storyboard */; };
		817F10FD2390B00A00A7E45C /* HHProgressHUDTests.swift in Sources */ = {isa = PBXBuildFile; fileRef = 817F10FC2390B00A00A7E45C /* HHProgressHUDTests.swift */; };
		817F11082390B00B00A7E45C /* HHProgressHUDUITests.swift in Sources */ = {isa = PBXBuildFile; fileRef = 817F11072390B00B00A7E45C /* HHProgressHUDUITests.swift */; };
/* End PBXBuildFile section */

/* Begin PBXContainerItemProxy section */
		817F10F92390B00A00A7E45C /* PBXContainerItemProxy */ = {
			isa = PBXContainerItemProxy;
			containerPortal = 817F10DA2390B00900A7E45C /* Project object */;
			proxyType = 1;
			remoteGlobalIDString = 817F10E12390B00900A7E45C;
			remoteInfo = HHProgressHUD;
		};
		817F11042390B00B00A7E45C /* PBXContainerItemProxy */ = {
			isa = PBXContainerItemProxy;
			containerPortal = 817F10DA2390B00900A7E45C /* Project object */;
			proxyType = 1;
			remoteGlobalIDString = 817F10E12390B00900A7E45C;
			remoteInfo = HHProgressHUD;
		};
/* End PBXContainerItemProxy section */

/* Begin PBXFileReference section */
		72F260C85057826D822FF25B /* Pods-HHProgressHUD_Example.debug.xcconfig */ = {isa = PBXFileReference; includeInIndex = 1; lastKnownFileType = text.xcconfig; name = "Pods-HHProgressHUD_Example.debug.xcconfig"; path = "Target Support Files/Pods-HHProgressHUD_Example/Pods-HHProgressHUD_Example.debug.xcconfig"; sourceTree = "<group>"; };
		8145F8512390B1E40084C363 /* README.md */ = {isa = PBXFileReference; fileEncoding = 4; lastKnownFileType = net.daringfireball.markdown; name = README.md; path = ../README.md; sourceTree = "<group>"; };
		8145F8522390B1E40084C363 /* LICENSE */ = {isa = PBXFileReference; fileEncoding = 4; lastKnownFileType = text; name = LICENSE; path = ../LICENSE; sourceTree = "<group>"; };
		8145F8532390B1E40084C363 /* HHProgressHUD.podspec */ = {isa = PBXFileReference; fileEncoding = 4; lastKnownFileType = text; name = HHProgressHUD.podspec; path = ../HHProgressHUD.podspec; sourceTree = "<group>"; xcLanguageSpecificationIdentifier = xcode.lang.ruby; };
		817F10E22390B00900A7E45C /* HHProgressHUD_Example.app */ = {isa = PBXFileReference; explicitFileType = wrapper.application; includeInIndex = 0; path = HHProgressHUD_Example.app; sourceTree = BUILT_PRODUCTS_DIR; };
		817F10E52390B00900A7E45C /* AppDelegate.swift */ = {isa = PBXFileReference; lastKnownFileType = sourcecode.swift; path = AppDelegate.swift; sourceTree = "<group>"; };
		817F10E72390B00900A7E45C /* SceneDelegate.swift */ = {isa = PBXFileReference; lastKnownFileType = sourcecode.swift; path = SceneDelegate.swift; sourceTree = "<group>"; };
		817F10E92390B00900A7E45C /* ViewController.swift */ = {isa = PBXFileReference; lastKnownFileType = sourcecode.swift; path = ViewController.swift; sourceTree = "<group>"; };
		817F10EC2390B00900A7E45C /* Base */ = {isa = PBXFileReference; lastKnownFileType = file.storyboard; name = Base; path = Base.lproj/Main.storyboard; sourceTree = "<group>"; };
		817F10EE2390B00A00A7E45C /* Assets.xcassets */ = {isa = PBXFileReference; lastKnownFileType = folder.assetcatalog; path = Assets.xcassets; sourceTree = "<group>"; };
		817F10F12390B00A00A7E45C /* Base */ = {isa = PBXFileReference; lastKnownFileType = file.storyboard; name = Base; path = Base.lproj/LaunchScreen.storyboard; sourceTree = "<group>"; };
		817F10F32390B00A00A7E45C /* Info.plist */ = {isa = PBXFileReference; lastKnownFileType = text.plist.xml; path = Info.plist; sourceTree = "<group>"; };
		817F10F82390B00A00A7E45C /* HHProgressHUDTests.xctest */ = {isa = PBXFileReference; explicitFileType = wrapper.cfbundle; includeInIndex = 0; path = HHProgressHUDTests.xctest; sourceTree = BUILT_PRODUCTS_DIR; };
		817F10FC2390B00A00A7E45C /* HHProgressHUDTests.swift */ = {isa = PBXFileReference; lastKnownFileType = sourcecode.swift; path = HHProgressHUDTests.swift; sourceTree = "<group>"; };
		817F10FE2390B00A00A7E45C /* Info.plist */ = {isa = PBXFileReference; lastKnownFileType = text.plist.xml; path = Info.plist; sourceTree = "<group>"; };
		817F11032390B00B00A7E45C /* HHProgressHUDUITests.xctest */ = {isa = PBXFileReference; explicitFileType = wrapper.cfbundle; includeInIndex = 0; path = HHProgressHUDUITests.xctest; sourceTree = BUILT_PRODUCTS_DIR; };
		817F11072390B00B00A7E45C /* HHProgressHUDUITests.swift */ = {isa = PBXFileReference; lastKnownFileType = sourcecode.swift; path = HHProgressHUDUITests.swift; sourceTree = "<group>"; };
		817F11092390B00B00A7E45C /* Info.plist */ = {isa = PBXFileReference; lastKnownFileType = text.plist.xml; path = Info.plist; sourceTree = "<group>"; };
		86F8F7300867B6F867BAA18B /* Pods-HHProgressHUD_Example.release.xcconfig */ = {isa = PBXFileReference; includeInIndex = 1; lastKnownFileType = text.xcconfig; name = "Pods-HHProgressHUD_Example.release.xcconfig"; path = "Target Support Files/Pods-HHProgressHUD_Example/Pods-HHProgressHUD_Example.release.xcconfig"; sourceTree = "<group>"; };
		C1B631D6C07D05F681E7880F /* Pods-HHProgressHUDTests.release.xcconfig */ = {isa = PBXFileReference; includeInIndex = 1; lastKnownFileType = text.xcconfig; name = "Pods-HHProgressHUDTests.release.xcconfig"; path = "Target Support Files/Pods-HHProgressHUDTests/Pods-HHProgressHUDTests.release.xcconfig"; sourceTree = "<group>"; };
		CEEF07A9DF15A0E44351877D /* Pods_HHProgressHUDTests.framework */ = {isa = PBXFileReference; explicitFileType = wrapper.framework; includeInIndex = 0; path = Pods_HHProgressHUDTests.framework; sourceTree = BUILT_PRODUCTS_DIR; };
		FBFFA8AA17A4D8384C19D168 /* Pods-HHProgressHUDTests.debug.xcconfig */ = {isa = PBXFileReference; includeInIndex = 1; lastKnownFileType = text.xcconfig; name = "Pods-HHProgressHUDTests.debug.xcconfig"; path = "Target Support Files/Pods-HHProgressHUDTests/Pods-HHProgressHUDTests.debug.xcconfig"; sourceTree = "<group>"; };
		FD4B1B2163F212781308E4E9 /* Pods_HHProgressHUD_Example.framework */ = {isa = PBXFileReference; explicitFileType = wrapper.framework; includeInIndex = 0; path = Pods_HHProgressHUD_Example.framework; sourceTree = BUILT_PRODUCTS_DIR; };
/* End PBXFileReference section */

/* Begin PBXFrameworksBuildPhase section */
		817F10DF2390B00900A7E45C /* Frameworks */ = {
			isa = PBXFrameworksBuildPhase;
			buildActionMask = 2147483647;
			files = (
				7AEACFD8B3B893080A053D36 /* Pods_HHProgressHUD_Example.framework in Frameworks */,
			);
			runOnlyForDeploymentPostprocessing = 0;
		};
		817F10F52390B00A00A7E45C /* Frameworks */ = {
			isa = PBXFrameworksBuildPhase;
			buildActionMask = 2147483647;
			files = (
				714C34C864355BB496BD0652 /* Pods_HHProgressHUDTests.framework in Frameworks */,
			);
			runOnlyForDeploymentPostprocessing = 0;
		};
		817F11002390B00B00A7E45C /* Frameworks */ = {
			isa = PBXFrameworksBuildPhase;
			buildActionMask = 2147483647;
			files = (
			);
			runOnlyForDeploymentPostprocessing = 0;
		};
/* End PBXFrameworksBuildPhase section */

/* Begin PBXGroup section */
		0A7D8CBA1158683149038FC6 /* Frameworks */ = {
			isa = PBXGroup;
			children = (
				CEEF07A9DF15A0E44351877D /* Pods_HHProgressHUDTests.framework */,
				FD4B1B2163F212781308E4E9 /* Pods_HHProgressHUD_Example.framework */,
			);
			name = Frameworks;
			sourceTree = "<group>";
		};
		686F0AC3DF8D5AFDFCD1AFD8 /* Pods */ = {
			isa = PBXGroup;
			children = (
				FBFFA8AA17A4D8384C19D168 /* Pods-HHProgressHUDTests.debug.xcconfig */,
				C1B631D6C07D05F681E7880F /* Pods-HHProgressHUDTests.release.xcconfig */,
				72F260C85057826D822FF25B /* Pods-HHProgressHUD_Example.debug.xcconfig */,
				86F8F7300867B6F867BAA18B /* Pods-HHProgressHUD_Example.release.xcconfig */,
			);
			path = Pods;
			sourceTree = "<group>";
		};
		8145F8502390B1D00084C363 /* Podspec Metadata */ = {
			isa = PBXGroup;
			children = (
				8145F8532390B1E40084C363 /* HHProgressHUD.podspec */,
				8145F8522390B1E40084C363 /* LICENSE */,
				8145F8512390B1E40084C363 /* README.md */,
			);
			name = "Podspec Metadata";
			sourceTree = "<group>";
		};
		817F10D92390B00900A7E45C = {
			isa = PBXGroup;
			children = (
				8145F8502390B1D00084C363 /* Podspec Metadata */,
				817F10E42390B00900A7E45C /* HHProgressHUD */,
				817F10FB2390B00A00A7E45C /* HHProgressHUDTests */,
				817F11062390B00B00A7E45C /* HHProgressHUDUITests */,
				817F10E32390B00900A7E45C /* Products */,
				686F0AC3DF8D5AFDFCD1AFD8 /* Pods */,
				0A7D8CBA1158683149038FC6 /* Frameworks */,
			);
			sourceTree = "<group>";
		};
		817F10E32390B00900A7E45C /* Products */ = {
			isa = PBXGroup;
			children = (
				817F10E22390B00900A7E45C /* HHProgressHUD_Example.app */,
				817F10F82390B00A00A7E45C /* HHProgressHUDTests.xctest */,
				817F11032390B00B00A7E45C /* HHProgressHUDUITests.xctest */,
			);
			name = Products;
			sourceTree = "<group>";
		};
		817F10E42390B00900A7E45C /* HHProgressHUD */ = {
			isa = PBXGroup;
			children = (
				817F10E52390B00900A7E45C /* AppDelegate.swift */,
				817F10E72390B00900A7E45C /* SceneDelegate.swift */,
				817F10E92390B00900A7E45C /* ViewController.swift */,
				817F10EB2390B00900A7E45C /* Main.storyboard */,
				817F10EE2390B00A00A7E45C /* Assets.xcassets */,
				817F10F02390B00A00A7E45C /* LaunchScreen.storyboard */,
				817F10F32390B00A00A7E45C /* Info.plist */,
			);
			path = HHProgressHUD;
			sourceTree = "<group>";
		};
		817F10FB2390B00A00A7E45C /* HHProgressHUDTests */ = {
			isa = PBXGroup;
			children = (
				817F10FC2390B00A00A7E45C /* HHProgressHUDTests.swift */,
				817F10FE2390B00A00A7E45C /* Info.plist */,
			);
			path = HHProgressHUDTests;
			sourceTree = "<group>";
		};
		817F11062390B00B00A7E45C /* HHProgressHUDUITests */ = {
			isa = PBXGroup;
			children = (
				817F11072390B00B00A7E45C /* HHProgressHUDUITests.swift */,
				817F11092390B00B00A7E45C /* Info.plist */,
			);
			path = HHProgressHUDUITests;
			sourceTree = "<group>";
		};
/* End PBXGroup section */

/* Begin PBXNativeTarget section */
		817F10E12390B00900A7E45C /* HHProgressHUD_Example */ = {
			isa = PBXNativeTarget;
			buildConfigurationList = 817F110C2390B00B00A7E45C /* Build configuration list for PBXNativeTarget "HHProgressHUD_Example" */;
			buildPhases = (
				00450C0A3EFC6653432B472C /* [CP] Check Pods Manifest.lock */,
				817F10DE2390B00900A7E45C /* Sources */,
				817F10DF2390B00900A7E45C /* Frameworks */,
				817F10E02390B00900A7E45C /* Resources */,
				EAF045EEED51046B50943FA2 /* [CP] Embed Pods Frameworks */,
			);
			buildRules = (
			);
			dependencies = (
			);
			name = HHProgressHUD_Example;
			productName = HHProgressHUD;
			productReference = 817F10E22390B00900A7E45C /* HHProgressHUD_Example.app */;
			productType = "com.apple.product-type.application";
		};
		817F10F72390B00A00A7E45C /* HHProgressHUDTests */ = {
			isa = PBXNativeTarget;
			buildConfigurationList = 817F110F2390B00B00A7E45C /* Build configuration list for PBXNativeTarget "HHProgressHUDTests" */;
			buildPhases = (
				8D0FC800771ADEB9AE69EA35 /* [CP] Check Pods Manifest.lock */,
				817F10F42390B00A00A7E45C /* Sources */,
				817F10F52390B00A00A7E45C /* Frameworks */,
				817F10F62390B00A00A7E45C /* Resources */,
			);
			buildRules = (
			);
			dependencies = (
				817F10FA2390B00A00A7E45C /* PBXTargetDependency */,
			);
			name = HHProgressHUDTests;
			productName = HHProgressHUDTests;
			productReference = 817F10F82390B00A00A7E45C /* HHProgressHUDTests.xctest */;
			productType = "com.apple.product-type.bundle.unit-test";
		};
		817F11022390B00B00A7E45C /* HHProgressHUDUITests */ = {
			isa = PBXNativeTarget;
			buildConfigurationList = 817F11122390B00B00A7E45C /* Build configuration list for PBXNativeTarget "HHProgressHUDUITests" */;
			buildPhases = (
				817F10FF2390B00B00A7E45C /* Sources */,
				817F11002390B00B00A7E45C /* Frameworks */,
				817F11012390B00B00A7E45C /* Resources */,
			);
			buildRules = (
			);
			dependencies = (
				817F11052390B00B00A7E45C /* PBXTargetDependency */,
			);
			name = HHProgressHUDUITests;
			productName = HHProgressHUDUITests;
			productReference = 817F11032390B00B00A7E45C /* HHProgressHUDUITests.xctest */;
			productType = "com.apple.product-type.bundle.ui-testing";
		};
/* End PBXNativeTarget section */

/* Begin PBXProject section */
		817F10DA2390B00900A7E45C /* Project object */ = {
			isa = PBXProject;
			attributes = {
				LastSwiftUpdateCheck = 1110;
				LastUpgradeCheck = 1110;
				ORGANIZATIONNAME = iOS;
				TargetAttributes = {
					817F10E12390B00900A7E45C = {
						CreatedOnToolsVersion = 11.1;
					};
					817F10F72390B00A00A7E45C = {
						CreatedOnToolsVersion = 11.1;
						TestTargetID = 817F10E12390B00900A7E45C;
					};
					817F11022390B00B00A7E45C = {
						CreatedOnToolsVersion = 11.1;
						TestTargetID = 817F10E12390B00900A7E45C;
					};
				};
			};
			buildConfigurationList = 817F10DD2390B00900A7E45C /* Build configuration list for PBXProject "HHProgressHUD" */;
			compatibilityVersion = "Xcode 9.3";
			developmentRegion = en;
			hasScannedForEncodings = 0;
			knownRegions = (
				en,
				Base,
			);
			mainGroup = 817F10D92390B00900A7E45C;
			productRefGroup = 817F10E32390B00900A7E45C /* Products */;
			projectDirPath = "";
			projectRoot = "";
			targets = (
				817F10E12390B00900A7E45C /* HHProgressHUD_Example */,
				817F10F72390B00A00A7E45C /* HHProgressHUDTests */,
				817F11022390B00B00A7E45C /* HHProgressHUDUITests */,
			);
		};
/* End PBXProject section */

/* Begin PBXResourcesBuildPhase section */
		817F10E02390B00900A7E45C /* Resources */ = {
			isa = PBXResourcesBuildPhase;
			buildActionMask = 2147483647;
			files = (
				817F10F22390B00A00A7E45C /* LaunchScreen.storyboard in Resources */,
				817F10EF2390B00A00A7E45C /* Assets.xcassets in Resources */,
				8145F8542390B1E40084C363 /* README.md in Resources */,
				8145F8562390B1E40084C363 /* HHProgressHUD.podspec in Resources */,
				817F10ED2390B00900A7E45C /* Main.storyboard in Resources */,
				8145F8552390B1E40084C363 /* LICENSE in Resources */,
			);
			runOnlyForDeploymentPostprocessing = 0;
		};
		817F10F62390B00A00A7E45C /* Resources */ = {
			isa = PBXResourcesBuildPhase;
			buildActionMask = 2147483647;
			files = (
			);
			runOnlyForDeploymentPostprocessing = 0;
		};
		817F11012390B00B00A7E45C /* Resources */ = {
			isa = PBXResourcesBuildPhase;
			buildActionMask = 2147483647;
			files = (
			);
			runOnlyForDeploymentPostprocessing = 0;
		};
/* End PBXResourcesBuildPhase section */

/* Begin PBXShellScriptBuildPhase section */
		00450C0A3EFC6653432B472C /* [CP] Check Pods Manifest.lock */ = {
			isa = PBXShellScriptBuildPhase;
			buildActionMask = 2147483647;
			files = (
			);
			inputFileListPaths = (
			);
			inputPaths = (
				"${PODS_PODFILE_DIR_PATH}/Podfile.lock",
				"${PODS_ROOT}/Manifest.lock",
			);
			name = "[CP] Check Pods Manifest.lock";
			outputFileListPaths = (
			);
			outputPaths = (
				"$(DERIVED_FILE_DIR)/Pods-HHProgressHUD_Example-checkManifestLockResult.txt",
			);
			runOnlyForDeploymentPostprocessing = 0;
			shellPath = /bin/sh;
			shellScript = "diff \"${PODS_PODFILE_DIR_PATH}/Podfile.lock\" \"${PODS_ROOT}/Manifest.lock\" > /dev/null\nif [ $? != 0 ] ; then\n    # print error to STDERR\n    echo \"error: The sandbox is not in sync with the Podfile.lock. Run 'pod install' or update your CocoaPods installation.\" >&2\n    exit 1\nfi\n# This output is used by Xcode 'outputs' to avoid re-running this script phase.\necho \"SUCCESS\" > \"${SCRIPT_OUTPUT_FILE_0}\"\n";
			showEnvVarsInLog = 0;
		};
		8D0FC800771ADEB9AE69EA35 /* [CP] Check Pods Manifest.lock */ = {
			isa = PBXShellScriptBuildPhase;
			buildActionMask = 2147483647;
			files = (
			);
			inputFileListPaths = (
			);
			inputPaths = (
				"${PODS_PODFILE_DIR_PATH}/Podfile.lock",
				"${PODS_ROOT}/Manifest.lock",
			);
			name = "[CP] Check Pods Manifest.lock";
			outputFileListPaths = (
			);
			outputPaths = (
				"$(DERIVED_FILE_DIR)/Pods-HHProgressHUDTests-checkManifestLockResult.txt",
			);
			runOnlyForDeploymentPostprocessing = 0;
			shellPath = /bin/sh;
			shellScript = "diff \"${PODS_PODFILE_DIR_PATH}/Podfile.lock\" \"${PODS_ROOT}/Manifest.lock\" > /dev/null\nif [ $? != 0 ] ; then\n    # print error to STDERR\n    echo \"error: The sandbox is not in sync with the Podfile.lock. Run 'pod install' or update your CocoaPods installation.\" >&2\n    exit 1\nfi\n# This output is used by Xcode 'outputs' to avoid re-running this script phase.\necho \"SUCCESS\" > \"${SCRIPT_OUTPUT_FILE_0}\"\n";
			showEnvVarsInLog = 0;
		};
		EAF045EEED51046B50943FA2 /* [CP] Embed Pods Frameworks */ = {
			isa = PBXShellScriptBuildPhase;
			buildActionMask = 2147483647;
			files = (
			);
			inputFileListPaths = (
				"${PODS_ROOT}/Target Support Files/Pods-HHProgressHUD_Example/Pods-HHProgressHUD_Example-frameworks-${CONFIGURATION}-input-files.xcfilelist",
			);
			name = "[CP] Embed Pods Frameworks";
			outputFileListPaths = (
				"${PODS_ROOT}/Target Support Files/Pods-HHProgressHUD_Example/Pods-HHProgressHUD_Example-frameworks-${CONFIGURATION}-output-files.xcfilelist",
			);
			runOnlyForDeploymentPostprocessing = 0;
			shellPath = /bin/sh;
			shellScript = "\"${PODS_ROOT}/Target Support Files/Pods-HHProgressHUD_Example/Pods-HHProgressHUD_Example-frameworks.sh\"\n";
			showEnvVarsInLog = 0;
		};
/* End PBXShellScriptBuildPhase section */

/* Begin PBXSourcesBuildPhase section */
		817F10DE2390B00900A7E45C /* Sources */ = {
			isa = PBXSourcesBuildPhase;
			buildActionMask = 2147483647;
			files = (
				817F10EA2390B00900A7E45C /* ViewController.swift in Sources */,
				817F10E62390B00900A7E45C /* AppDelegate.swift in Sources */,
				817F10E82390B00900A7E45C /* SceneDelegate.swift in Sources */,
			);
			runOnlyForDeploymentPostprocessing = 0;
		};
		817F10F42390B00A00A7E45C /* Sources */ = {
			isa = PBXSourcesBuildPhase;
			buildActionMask = 2147483647;
			files = (
				817F10FD2390B00A00A7E45C /* HHProgressHUDTests.swift in Sources */,
			);
			runOnlyForDeploymentPostprocessing = 0;
		};
		817F10FF2390B00B00A7E45C /* Sources */ = {
			isa = PBXSourcesBuildPhase;
			buildActionMask = 2147483647;
			files = (
				817F11082390B00B00A7E45C /* HHProgressHUDUITests.swift in Sources */,
			);
			runOnlyForDeploymentPostprocessing = 0;
		};
/* End PBXSourcesBuildPhase section */

/* Begin PBXTargetDependency section */
		817F10FA2390B00A00A7E45C /* PBXTargetDependency */ = {
			isa = PBXTargetDependency;
			target = 817F10E12390B00900A7E45C /* HHProgressHUD_Example */;
			targetProxy = 817F10F92390B00A00A7E45C /* PBXContainerItemProxy */;
		};
		817F11052390B00B00A7E45C /* PBXTargetDependency */ = {
			isa = PBXTargetDependency;
			target = 817F10E12390B00900A7E45C /* HHProgressHUD_Example */;
			targetProxy = 817F11042390B00B00A7E45C /* PBXContainerItemProxy */;
		};
/* End PBXTargetDependency section */

/* Begin PBXVariantGroup section */
		817F10EB2390B00900A7E45C /* Main.storyboard */ = {
			isa = PBXVariantGroup;
			children = (
				817F10EC2390B00900A7E45C /* Base */,
			);
			name = Main.storyboard;
			sourceTree = "<group>";
		};
		817F10F02390B00A00A7E45C /* LaunchScreen.storyboard */ = {
			isa = PBXVariantGroup;
			children = (
				817F10F12390B00A00A7E45C /* Base */,
			);
			name = LaunchScreen.storyboard;
			sourceTree = "<group>";
		};
/* End PBXVariantGroup section */

/* Begin XCBuildConfiguration section */
		817F110A2390B00B00A7E45C /* Debug */ = {
			isa = XCBuildConfiguration;
			buildSettings = {
				ALWAYS_SEARCH_USER_PATHS = NO;
				CLANG_ANALYZER_NONNULL = YES;
				CLANG_ANALYZER_NUMBER_OBJECT_CONVERSION = YES_AGGRESSIVE;
				CLANG_CXX_LANGUAGE_STANDARD = "gnu++14";
				CLANG_CXX_LIBRARY = "libc++";
				CLANG_ENABLE_MODULES = YES;
				CLANG_ENABLE_OBJC_ARC = YES;
				CLANG_ENABLE_OBJC_WEAK = YES;
				CLANG_WARN_BLOCK_CAPTURE_AUTORELEASING = YES;
				CLANG_WARN_BOOL_CONVERSION = YES;
				CLANG_WARN_COMMA = YES;
				CLANG_WARN_CONSTANT_CONVERSION = YES;
				CLANG_WARN_DEPRECATED_OBJC_IMPLEMENTATIONS = YES;
				CLANG_WARN_DIRECT_OBJC_ISA_USAGE = YES_ERROR;
				CLANG_WARN_DOCUMENTATION_COMMENTS = YES;
				CLANG_WARN_EMPTY_BODY = YES;
				CLANG_WARN_ENUM_CONVERSION = YES;
				CLANG_WARN_INFINITE_RECURSION = YES;
				CLANG_WARN_INT_CONVERSION = YES;
				CLANG_WARN_NON_LITERAL_NULL_CONVERSION = YES;
				CLANG_WARN_OBJC_IMPLICIT_RETAIN_SELF = YES;
				CLANG_WARN_OBJC_LITERAL_CONVERSION = YES;
				CLANG_WARN_OBJC_ROOT_CLASS = YES_ERROR;
				CLANG_WARN_RANGE_LOOP_ANALYSIS = YES;
				CLANG_WARN_STRICT_PROTOTYPES = YES;
				CLANG_WARN_SUSPICIOUS_MOVE = YES;
				CLANG_WARN_UNGUARDED_AVAILABILITY = YES_AGGRESSIVE;
				CLANG_WARN_UNREACHABLE_CODE = YES;
				CLANG_WARN__DUPLICATE_METHOD_MATCH = YES;
				COPY_PHASE_STRIP = NO;
				DEBUG_INFORMATION_FORMAT = dwarf;
				ENABLE_STRICT_OBJC_MSGSEND = YES;
				ENABLE_TESTABILITY = YES;
				GCC_C_LANGUAGE_STANDARD = gnu11;
				GCC_DYNAMIC_NO_PIC = NO;
				GCC_NO_COMMON_BLOCKS = YES;
				GCC_OPTIMIZATION_LEVEL = 0;
				GCC_PREPROCESSOR_DEFINITIONS = (
					"DEBUG=1",
					"$(inherited)",
				);
				GCC_WARN_64_TO_32_BIT_CONVERSION = YES;
				GCC_WARN_ABOUT_RETURN_TYPE = YES_ERROR;
				GCC_WARN_UNDECLARED_SELECTOR = YES;
				GCC_WARN_UNINITIALIZED_AUTOS = YES_AGGRESSIVE;
				GCC_WARN_UNUSED_FUNCTION = YES;
				GCC_WARN_UNUSED_VARIABLE = YES;
				IPHONEOS_DEPLOYMENT_TARGET = 13.1;
				MTL_ENABLE_DEBUG_INFO = INCLUDE_SOURCE;
				MTL_FAST_MATH = YES;
				ONLY_ACTIVE_ARCH = YES;
				SDKROOT = iphoneos;
				SWIFT_ACTIVE_COMPILATION_CONDITIONS = DEBUG;
				SWIFT_OPTIMIZATION_LEVEL = "-Onone";
			};
			name = Debug;
		};
		817F110B2390B00B00A7E45C /* Release */ = {
			isa = XCBuildConfiguration;
			buildSettings = {
				ALWAYS_SEARCH_USER_PATHS = NO;
				CLANG_ANALYZER_NONNULL = YES;
				CLANG_ANALYZER_NUMBER_OBJECT_CONVERSION = YES_AGGRESSIVE;
				CLANG_CXX_LANGUAGE_STANDARD = "gnu++14";
				CLANG_CXX_LIBRARY = "libc++";
				CLANG_ENABLE_MODULES = YES;
				CLANG_ENABLE_OBJC_ARC = YES;
				CLANG_ENABLE_OBJC_WEAK = YES;
				CLANG_WARN_BLOCK_CAPTURE_AUTORELEASING = YES;
				CLANG_WARN_BOOL_CONVERSION = YES;
				CLANG_WARN_COMMA = YES;
				CLANG_WARN_CONSTANT_CONVERSION = YES;
				CLANG_WARN_DEPRECATED_OBJC_IMPLEMENTATIONS = YES;
				CLANG_WARN_DIRECT_OBJC_ISA_USAGE = YES_ERROR;
				CLANG_WARN_DOCUMENTATION_COMMENTS = YES;
				CLANG_WARN_EMPTY_BODY = YES;
				CLANG_WARN_ENUM_CONVERSION = YES;
				CLANG_WARN_INFINITE_RECURSION = YES;
				CLANG_WARN_INT_CONVERSION = YES;
				CLANG_WARN_NON_LITERAL_NULL_CONVERSION = YES;
				CLANG_WARN_OBJC_IMPLICIT_RETAIN_SELF = YES;
				CLANG_WARN_OBJC_LITERAL_CONVERSION = YES;
				CLANG_WARN_OBJC_ROOT_CLASS = YES_ERROR;
				CLANG_WARN_RANGE_LOOP_ANALYSIS = YES;
				CLANG_WARN_STRICT_PROTOTYPES = YES;
				CLANG_WARN_SUSPICIOUS_MOVE = YES;
				CLANG_WARN_UNGUARDED_AVAILABILITY = YES_AGGRESSIVE;
				CLANG_WARN_UNREACHABLE_CODE = YES;
				CLANG_WARN__DUPLICATE_METHOD_MATCH = YES;
				COPY_PHASE_STRIP = NO;
				DEBUG_INFORMATION_FORMAT = "dwarf-with-dsym";
				ENABLE_NS_ASSERTIONS = NO;
				ENABLE_STRICT_OBJC_MSGSEND = YES;
				GCC_C_LANGUAGE_STANDARD = gnu11;
				GCC_NO_COMMON_BLOCKS = YES;
				GCC_WARN_64_TO_32_BIT_CONVERSION = YES;
				GCC_WARN_ABOUT_RETURN_TYPE = YES_ERROR;
				GCC_WARN_UNDECLARED_SELECTOR = YES;
				GCC_WARN_UNINITIALIZED_AUTOS = YES_AGGRESSIVE;
				GCC_WARN_UNUSED_FUNCTION = YES;
				GCC_WARN_UNUSED_VARIABLE = YES;
				IPHONEOS_DEPLOYMENT_TARGET = 13.1;
				MTL_ENABLE_DEBUG_INFO = NO;
				MTL_FAST_MATH = YES;
				SDKROOT = iphoneos;
				SWIFT_COMPILATION_MODE = wholemodule;
				SWIFT_OPTIMIZATION_LEVEL = "-O";
				VALIDATE_PRODUCT = YES;
			};
			name = Release;
		};
		817F110D2390B00B00A7E45C /* Debug */ = {
			isa = XCBuildConfiguration;
			baseConfigurationReference = 72F260C85057826D822FF25B /* Pods-HHProgressHUD_Example.debug.xcconfig */;
			buildSettings = {
				ASSETCATALOG_COMPILER_APPICON_NAME = AppIcon;
				CODE_SIGN_STYLE = Automatic;
				DEVELOPMENT_TEAM = GJE8G2LGHH;
				INFOPLIST_FILE = HHProgressHUD/Info.plist;
				LD_RUNPATH_SEARCH_PATHS = (
					"$(inherited)",
					"@executable_path/Frameworks",
				);
				PRODUCT_BUNDLE_IDENTIFIER = JUN.HHProgressHUD;
				PRODUCT_NAME = "$(TARGET_NAME)";
				SWIFT_VERSION = 5.0;
				TARGETED_DEVICE_FAMILY = "1,2";
			};
			name = Debug;
		};
		817F110E2390B00B00A7E45C /* Release */ = {
			isa = XCBuildConfiguration;
			baseConfigurationReference = 86F8F7300867B6F867BAA18B /* Pods-HHProgressHUD_Example.release.xcconfig */;
			buildSettings = {
				ASSETCATALOG_COMPILER_APPICON_NAME = AppIcon;
				CODE_SIGN_STYLE = Automatic;
				DEVELOPMENT_TEAM = GJE8G2LGHH;
				INFOPLIST_FILE = HHProgressHUD/Info.plist;
				LD_RUNPATH_SEARCH_PATHS = (
					"$(inherited)",
					"@executable_path/Frameworks",
				);
				PRODUCT_BUNDLE_IDENTIFIER = JUN.HHProgressHUD;
				PRODUCT_NAME = "$(TARGET_NAME)";
				SWIFT_VERSION = 5.0;
				TARGETED_DEVICE_FAMILY = "1,2";
			};
			name = Release;
		};
		817F11102390B00B00A7E45C /* Debug */ = {
			isa = XCBuildConfiguration;
			baseConfigurationReference = FBFFA8AA17A4D8384C19D168 /* Pods-HHProgressHUDTests.debug.xcconfig */;
			buildSettings = {
				ALWAYS_EMBED_SWIFT_STANDARD_LIBRARIES = YES;
				BUNDLE_LOADER = "$(TEST_HOST)";
				CODE_SIGN_STYLE = Automatic;
				DEVELOPMENT_TEAM = GJE8G2LGHH;
				INFOPLIST_FILE = HHProgressHUDTests/Info.plist;
				IPHONEOS_DEPLOYMENT_TARGET = 13.1;
				LD_RUNPATH_SEARCH_PATHS = (
					"$(inherited)",
					"@executable_path/Frameworks",
					"@loader_path/Frameworks",
				);
				PRODUCT_BUNDLE_IDENTIFIER = JUN.HHProgressHUDTests;
				PRODUCT_NAME = "$(TARGET_NAME)";
				SWIFT_VERSION = 5.0;
				TARGETED_DEVICE_FAMILY = "1,2";
				TEST_HOST = "$(BUILT_PRODUCTS_DIR)/HHProgressHUD.app/HHProgressHUD";
			};
			name = Debug;
		};
		817F11112390B00B00A7E45C /* Release */ = {
			isa = XCBuildConfiguration;
			baseConfigurationReference = C1B631D6C07D05F681E7880F /* Pods-HHProgressHUDTests.release.xcconfig */;
			buildSettings = {
				ALWAYS_EMBED_SWIFT_STANDARD_LIBRARIES = YES;
				BUNDLE_LOADER = "$(TEST_HOST)";
				CODE_SIGN_STYLE = Automatic;
				DEVELOPMENT_TEAM = GJE8G2LGHH;
				INFOPLIST_FILE = HHProgressHUDTests/Info.plist;
				IPHONEOS_DEPLOYMENT_TARGET = 13.1;
				LD_RUNPATH_SEARCH_PATHS = (
					"$(inherited)",
					"@executable_path/Frameworks",
					"@loader_path/Frameworks",
				);
				PRODUCT_BUNDLE_IDENTIFIER = JUN.HHProgressHUDTests;
				PRODUCT_NAME = "$(TARGET_NAME)";
				SWIFT_VERSION = 5.0;
				TARGETED_DEVICE_FAMILY = "1,2";
				TEST_HOST = "$(BUILT_PRODUCTS_DIR)/HHProgressHUD.app/HHProgressHUD";
			};
			name = Release;
		};
		817F11132390B00B00A7E45C /* Debug */ = {
			isa = XCBuildConfiguration;
			buildSettings = {
				ALWAYS_EMBED_SWIFT_STANDARD_LIBRARIES = YES;
				CODE_SIGN_STYLE = Automatic;
				DEVELOPMENT_TEAM = GJE8G2LGHH;
				INFOPLIST_FILE = HHProgressHUDUITests/Info.plist;
				LD_RUNPATH_SEARCH_PATHS = (
					"$(inherited)",
					"@executable_path/Frameworks",
					"@loader_path/Frameworks",
				);
				PRODUCT_BUNDLE_IDENTIFIER = JUN.HHProgressHUDUITests;
				PRODUCT_NAME = "$(TARGET_NAME)";
				SWIFT_VERSION = 5.0;
				TARGETED_DEVICE_FAMILY = "1,2";
				TEST_TARGET_NAME = HHProgressHUD;
			};
			name = Debug;
		};
		817F11142390B00B00A7E45C /* Release */ = {
			isa = XCBuildConfiguration;
			buildSettings = {
				ALWAYS_EMBED_SWIFT_STANDARD_LIBRARIES = YES;
				CODE_SIGN_STYLE = Automatic;
				DEVELOPMENT_TEAM = GJE8G2LGHH;
				INFOPLIST_FILE = HHProgressHUDUITests/Info.plist;
				LD_RUNPATH_SEARCH_PATHS = (
					"$(inherited)",
					"@executable_path/Frameworks",
					"@loader_path/Frameworks",
				);
				PRODUCT_BUNDLE_IDENTIFIER = JUN.HHProgressHUDUITests;
				PRODUCT_NAME = "$(TARGET_NAME)";
				SWIFT_VERSION = 5.0;
				TARGETED_DEVICE_FAMILY = "1,2";
				TEST_TARGET_NAME = HHProgressHUD;
			};
			name = Release;
		};
/* End XCBuildConfiguration section */

/* Begin XCConfigurationList section */
		817F10DD2390B00900A7E45C /* Build configuration list for PBXProject "HHProgressHUD" */ = {
			isa = XCConfigurationList;
			buildConfigurations = (
				817F110A2390B00B00A7E45C /* Debug */,
				817F110B2390B00B00A7E45C /* Release */,
			);
			defaultConfigurationIsVisible = 0;
			defaultConfigurationName = Release;
		};
		817F110C2390B00B00A7E45C /* Build configuration list for PBXNativeTarget "HHProgressHUD_Example" */ = {
			isa = XCConfigurationList;
			buildConfigurations = (
				817F110D2390B00B00A7E45C /* Debug */,
				817F110E2390B00B00A7E45C /* Release */,
			);
			defaultConfigurationIsVisible = 0;
			defaultConfigurationName = Release;
		};
		817F110F2390B00B00A7E45C /* Build configuration list for PBXNativeTarget "HHProgressHUDTests" */ = {
			isa = XCConfigurationList;
			buildConfigurations = (
				817F11102390B00B00A7E45C /* Debug */,
				817F11112390B00B00A7E45C /* Release */,
			);
			defaultConfigurationIsVisible = 0;
			defaultConfigurationName = Release;
		};
		817F11122390B00B00A7E45C /* Build configuration list for PBXNativeTarget "HHProgressHUDUITests" */ = {
			isa = XCConfigurationList;
			buildConfigurations = (
				817F11132390B00B00A7E45C /* Debug */,
				817F11142390B00B00A7E45C /* Release */,
			);
			defaultConfigurationIsVisible = 0;
			defaultConfigurationName = Release;
		};
/* End XCConfigurationList section */
	};
	rootObject = 817F10DA2390B00900A7E45C /* Project object */;
}
